
Microsoft Visual Studio Solution File, Format Version 12.00
# Visual Studio 14
VisualStudioVersion = 14.0.25420.1
MinimumVisualStudioVersion = 10.0.40219.1
Project("{FAE04EC0-301F-11D3-BF4B-00C04F79EFBC}") = "Poseidon.Energy.Core", "Poseidon.Energy.Core\Poseidon.Energy.Core.csproj", "{7A79C27B-53FF-4575-BC17-281E0AA45282}"
EndProject
Project("{FAE04EC0-301F-11D3-BF4B-00C04F79EFBC}") = "Poseidon.Energy.ClientDx", "Poseidon.Energy.ClientDx\Poseidon.Energy.ClientDx.csproj", "{27F90395-B2CB-4F64-BE5B-852955DEE995}"
EndProject
Global
	GlobalSection(SolutionConfigurationPlatforms) = preSolution
		Debug|Any CPU = Debug|Any CPU
		Release|Any CPU = Release|Any CPU
	EndGlobalSection
	GlobalSection(ProjectConfigurationPlatforms) = postSolution
		{7A79C27B-53FF-4575-BC17-281E0AA45282}.Debug|Any CPU.ActiveCfg = Debug|Any CPU
		{7A79C27B-53FF-4575-BC17-281E0AA45282}.Debug|Any CPU.Build.0 = Debug|Any CPU
		{7A79C27B-53FF-4575-BC17-281E0AA45282}.Release|Any CPU.ActiveCfg = Release|Any CPU
		{7A79C27B-53FF-4575-BC17-281E0AA45282}.Release|Any CPU.Build.0 = Release|Any CPU
		{27F90395-B2CB-4F64-BE5B-852955DEE995}.Debug|Any CPU.ActiveCfg = Debug|Any CPU
		{27F90395-B2CB-4F64-BE5B-852955DEE995}.Debug|Any CPU.Build.0 = Debug|Any CPU
		{27F90395-B2CB-4F64-BE5B-852955DEE995}.Release|Any CPU.ActiveCfg = Release|Any CPU
		{27F90395-B2CB-4F64-BE5B-852955DEE995}.Release|Any CPU.Build.0 = Release|Any CPU
	EndGlobalSection
	GlobalSection(SolutionProperties) = preSolution
		HideSolutionNode = FALSE
	EndGlobalSection
EndGlobal
